
Microsoft Visual Studio Solution File, Format Version 12.00
# Visual Studio Version 16
VisualStudioVersion = 16.0.30523.141
MinimumVisualStudioVersion = 10.0.40219.1
Project("{FAE04EC0-301F-11D3-BF4B-00C04F79EFBC}") = "HHTaskLibrary", "HHTaskLibrary\HHTaskLibrary.csproj", "{C03F5392-D4DD-49AF-8E8B-B5DB5A1A7FCB}"
EndProject
Project("{FAE04EC0-301F-11D3-BF4B-00C04F79EFBC}") = "HHTaskLibrary.UnitTests", "HHTaskLibrary.UnitTests\HHTaskLibrary.UnitTests.csproj", "{27FAB011-E504-4519-88C8-CC9E81022BA1}"
EndProject
Global
	GlobalSection(SolutionConfigurationPlatforms) = preSolution
		Debug|Any CPU = Debug|Any CPU
		Release|Any CPU = Release|Any CPU
	EndGlobalSection
	GlobalSection(ProjectConfigurationPlatforms) = postSolution
		{C03F5392-D4DD-49AF-8E8B-B5DB5A1A7FCB}.Debug|Any CPU.ActiveCfg = Debug|Any CPU
		{C03F5392-D4DD-49AF-8E8B-B5DB5A1A7FCB}.Debug|Any CPU.Build.0 = Debug|Any CPU
		{C03F5392-D4DD-49AF-8E8B-B5DB5A1A7FCB}.Release|Any CPU.ActiveCfg = Release|Any CPU
		{C03F5392-D4DD-49AF-8E8B-B5DB5A1A7FCB}.Release|Any CPU.Build.0 = Release|Any CPU
		{27FAB011-E504-4519-88C8-CC9E81022BA1}.Debug|Any CPU.ActiveCfg = Debug|Any CPU
		{27FAB011-E504-4519-88C8-CC9E81022BA1}.Debug|Any CPU.Build.0 = Debug|Any CPU
		{27FAB011-E504-4519-88C8-CC9E81022BA1}.Release|Any CPU.ActiveCfg = Release|Any CPU
		{27FAB011-E504-4519-88C8-CC9E81022BA1}.Release|Any CPU.Build.0 = Release|Any CPU
	EndGlobalSection
	GlobalSection(SolutionProperties) = preSolution
		HideSolutionNode = FALSE
	EndGlobalSection
	GlobalSection(ExtensibilityGlobals) = postSolution
		SolutionGuid = {F87BD5CB-3DAC-4FFB-867E-494C889364D9}
	EndGlobalSection
EndGlobal
